
Microsoft Visual Studio Solution File, Format Version 12.00
# Visual Studio Version 17
VisualStudioVersion = 17.6.33723.286
MinimumVisualStudioVersion = 10.0.40219.1
Project("{FAE04EC0-301F-11D3-BF4B-00C04F79EFBC}") = "Abstraction", "Abstraction\Abstraction.csproj", "{828CB983-7013-4673-9CE3-1058D9F3BD4C}"
EndProject
Project("{FAE04EC0-301F-11D3-BF4B-00C04F79EFBC}") = "AbstractionWithInterface", "AbstractionWithInterface\AbstractionWithInterface.csproj", "{D487CA7D-9698-492A-8939-E67D6B806A07}"
EndProject
Global
	GlobalSection(SolutionConfigurationPlatforms) = preSolution
		Debug|Any CPU = Debug|Any CPU
		Release|Any CPU = Release|Any CPU
	EndGlobalSection
	GlobalSection(ProjectConfigurationPlatforms) = postSolution
		{828CB983-7013-4673-9CE3-1058D9F3BD4C}.Debug|Any CPU.ActiveCfg = Debug|Any CPU
		{828CB983-7013-4673-9CE3-1058D9F3BD4C}.Debug|Any CPU.Build.0 = Debug|Any CPU
		{828CB983-7013-4673-9CE3-1058D9F3BD4C}.Release|Any CPU.ActiveCfg = Release|Any CPU
		{828CB983-7013-4673-9CE3-1058D9F3BD4C}.Release|Any CPU.Build.0 = Release|Any CPU
		{D487CA7D-9698-492A-8939-E67D6B806A07}.Debug|Any CPU.ActiveCfg = Debug|Any CPU
		{D487CA7D-9698-492A-8939-E67D6B806A07}.Debug|Any CPU.Build.0 = Debug|Any CPU
		{D487CA7D-9698-492A-8939-E67D6B806A07}.Release|Any CPU.ActiveCfg = Release|Any CPU
		{D487CA7D-9698-492A-8939-E67D6B806A07}.Release|Any CPU.Build.0 = Release|Any CPU
	EndGlobalSection
	GlobalSection(SolutionProperties) = preSolution
		HideSolutionNode = FALSE
	EndGlobalSection
	GlobalSection(ExtensibilityGlobals) = postSolution
		SolutionGuid = {A3513DD6-DC56-4D4A-96FB-638498B1037A}
	EndGlobalSection
EndGlobal
